// !$*UTF8*$!
{
	archiveVersion = 1;
	classes = {
	};
	objectVersion = 48;
	objects = {

/* Begin PBXBuildFile section */
		02D9EC271F860470005B2DFB /* AppDelegate.swift in Sources */ = {isa = PBXBuildFile; fileRef = 02D9EC261F860470005B2DFB /* AppDelegate.swift */; };
		02D9EC291F860470005B2DFB /* ViewController.swift in Sources */ = {isa = PBXBuildFile; fileRef = 02D9EC281F860470005B2DFB /* ViewController.swift */; };
		02D9EC2C1F860470005B2DFB /* Main.storyboard in Resources */ = {isa = PBXBuildFile; fileRef = 02D9EC2A1F860470005B2DFB /* Main.storyboard */; };
		02D9EC2E1F860470005B2DFB /* Assets.xcassets in Resources */ = {isa = PBXBuildFile; fileRef = 02D9EC2D1F860470005B2DFB /* Assets.xcassets */; };
		02D9EC311F860470005B2DFB /* LaunchScreen.storyboard in Resources */ = {isa = PBXBuildFile; fileRef = 02D9EC2F1F860470005B2DFB /* LaunchScreen.storyboard */; };
/* End PBXBuildFile section */

/* Begin PBXFileReference section */
		02D9EC231F860470005B2DFB /* Slider and Multiplication Table.app */ = {isa = PBXFileReference; explicitFileType = wrapper.application; includeInIndex = 0; path = "Slider and Multiplication Table.app"; sourceTree = BUILT_PRODUCTS_DIR; };
		02D9EC261F860470005B2DFB /* AppDelegate.swift */ = {isa = PBXFileReference; lastKnownFileType = sourcecode.swift; path = AppDelegate.swift; sourceTree = "<group>"; };
		02D9EC281F860470005B2DFB /* ViewController.swift */ = {isa = PBXFileReference; lastKnownFileType = sourcecode.swift; path = ViewController.swift; sourceTree = "<group>"; };
		02D9EC2B1F860470005B2DFB /* Base */ = {isa = PBXFileReference; lastKnownFileType = file.storyboard; name = Base; path = Base.lproj/Main.storyboard; sourceTree = "<group>"; };
		02D9EC2D1F860470005B2DFB /* Assets.xcassets */ = {isa = PBXFileReference; lastKnownFileType = folder.assetcatalog; path = Assets.xcassets; sourceTree = "<group>"; };
		02D9EC301F860470005B2DFB /* Base */ = {isa = PBXFileReference; lastKnownFileType = file.storyboard; name = Base; path = Base.lproj/LaunchScreen.storyboard; sourceTree = "<group>"; };
		02D9EC321F860470005B2DFB /* Info.plist */ = {isa = PBXFileReference; lastKnownFileType = text.plist.xml; path = Info.plist; sourceTree = "<group>"; };
/* End PBXFileReference section */

/* Begin PBXFrameworksBuildPhase section */
		02D9EC201F860470005B2DFB /* Frameworks */ = {
			isa = PBXFrameworksBuildPhase;
			buildActionMask = 2147483647;
			files = (
			);
			runOnlyForDeploymentPostprocessing = 0;
		};
/* End PBXFrameworksBuildPhase section */

/* Begin PBXGroup section */
		02D9EC1A1F860470005B2DFB = {
			isa = PBXGroup;
			children = (
				02D9EC251F860470005B2DFB /* Slider and Multiplication Table */,
				02D9EC241F860470005B2DFB /* Products */,
			);
			sourceTree = "<group>";
		};
		02D9EC241F860470005B2DFB /* Products */ = {
			isa = PBXGroup;
			children = (
				02D9EC231F860470005B2DFB /* Slider and Multiplication Table.app */,
			);
			name = Products;
			sourceTree = "<group>";
		};
		02D9EC251F860470005B2DFB /* Slider and Multiplication Table */ = {
			isa = PBXGroup;
			children = (
				02D9EC261F860470005B2DFB /* AppDelegate.swift */,
				02D9EC281F860470005B2DFB /* ViewController.swift */,
				02D9EC2A1F860470005B2DFB /* Main.storyboard */,
				02D9EC2D1F860470005B2DFB /* Assets.xcassets */,
				02D9EC2F1F860470005B2DFB /* LaunchScreen.storyboard */,
				02D9EC321F860470005B2DFB /* Info.plist */,
			);
			path = "Slider and Multiplication Table";
			sourceTree = "<group>";
		};
/* End PBXGroup section */

/* Begin PBXNativeTarget section */
		02D9EC221F860470005B2DFB /* Slider and Multiplication Table */ = {
			isa = PBXNativeTarget;
			buildConfigurationList = 02D9EC351F860470005B2DFB /* Build configuration list for PBXNativeTarget "Slider and Multiplication Table" */;
			buildPhases = (
				02D9EC1F1F860470005B2DFB /* Sources */,
				02D9EC201F860470005B2DFB /* Frameworks */,
				02D9EC211F860470005B2DFB /* Resources */,
			);
			buildRules = (
			);
			dependencies = (
			);
			name = "Slider and Multiplication Table";
			productName = "Slider and Multiplication Table";
			productReference = 02D9EC231F860470005B2DFB /* Slider and Multiplication Table.app */;
			productType = "com.apple.product-type.application";
		};
/* End PBXNativeTarget section */

/* Begin PBXProject section */
		02D9EC1B1F860470005B2DFB /* Project object */ = {
			isa = PBXProject;
			attributes = {
				LastSwiftUpdateCheck = 0900;
				LastUpgradeCheck = 0900;
				ORGANIZATIONNAME = dly;
				TargetAttributes = {
					02D9EC221F860470005B2DFB = {
						CreatedOnToolsVersion = 9.0;
						ProvisioningStyle = Automatic;
					};
				};
			};
			buildConfigurationList = 02D9EC1E1F860470005B2DFB /* Build configuration list for PBXProject "Slider and Multiplication Table" */;
			compatibilityVersion = "Xcode 8.0";
			developmentRegion = en;
			hasScannedForEncodings = 0;
			knownRegions = (
				en,
				Base,
			);
			mainGroup = 02D9EC1A1F860470005B2DFB;
			productRefGroup = 02D9EC241F860470005B2DFB /* Products */;
			projectDirPath = "";
			projectRoot = "";
			targets = (
				02D9EC221F860470005B2DFB /* Slider and Multiplication Table */,
			);
		};
/* End PBXProject section */

/* Begin PBXResourcesBuildPhase section */
		02D9EC211F860470005B2DFB /* Resources */ = {
			isa = PBXResourcesBuildPhase;
			buildActionMask = 2147483647;
			files = (
				02D9EC311F860470005B2DFB /* LaunchScreen.storyboard in Resources */,
				02D9EC2E1F860470005B2DFB /* Assets.xcassets in Resources */,
				02D9EC2C1F860470005B2DFB /* Main.storyboard in Resources */,
			);
			runOnlyForDeploymentPostprocessing = 0;
		};
/* End PBXResourcesBuildPhase section */

/* Begin PBXSourcesBuildPhase section */
		02D9EC1F1F860470005B2DFB /* Sources */ = {
			isa = PBXSourcesBuildPhase;
			buildActionMask = 2147483647;
			files = (
				02D9EC291F860470005B2DFB /* ViewController.swift in Sources */,
				02D9EC271F860470005B2DFB /* AppDelegate.swift in Sources */,
			);
			runOnlyForDeploymentPostprocessing = 0;
		};
/* End PBXSourcesBuildPhase section */

/* Begin PBXVariantGroup section */
		02D9EC2A1F860470005B2DFB /* Main.storyboard */ = {
			isa = PBXVariantGroup;
			children = (
				02D9EC2B1F860470005B2DFB /* Base */,
			);
			name = Main.storyboard;
			sourceTree = "<group>";
		};
		02D9EC2F1F860470005B2DFB /* LaunchScreen.storyboard */ = {
			isa = PBXVariantGroup;
			children = (
				02D9EC301F860470005B2DFB /* Base */,
			);
			name = LaunchScreen.storyboard;
			sourceTree = "<group>";
		};
/* End PBXVariantGroup section */

/* Begin XCBuildConfiguration section */
		02D9EC331F860470005B2DFB /* Debug */ = {
			isa = XCBuildConfiguration;
			buildSettings = {
				ALWAYS_SEARCH_USER_PATHS = NO;
				CLANG_ANALYZER_NONNULL = YES;
				CLANG_ANALYZER_NUMBER_OBJECT_CONVERSION = YES_AGGRESSIVE;
				CLANG_CXX_LANGUAGE_STANDARD = "gnu++14";
				CLANG_CXX_LIBRARY = "libc++";
				CLANG_ENABLE_MODULES = YES;
				CLANG_ENABLE_OBJC_ARC = YES;
				CLANG_WARN_BLOCK_CAPTURE_AUTORELEASING = YES;
				CLANG_WARN_BOOL_CONVERSION = YES;
				CLANG_WARN_COMMA = YES;
				CLANG_WARN_CONSTANT_CONVERSION = YES;
				CLANG_WARN_DIRECT_OBJC_ISA_USAGE = YES_ERROR;
				CLANG_WARN_DOCUMENTATION_COMMENTS = YES;
				CLANG_WARN_EMPTY_BODY = YES;
				CLANG_WARN_ENUM_CONVERSION = YES;
				CLANG_WARN_INFINITE_RECURSION = YES;
				CLANG_WARN_INT_CONVERSION = YES;
				CLANG_WARN_NON_LITERAL_NULL_CONVERSION = YES;
				CLANG_WARN_OBJC_LITERAL_CONVERSION = YES;
				CLANG_WARN_OBJC_ROOT_CLASS = YES_ERROR;
				CLANG_WARN_RANGE_LOOP_ANALYSIS = YES;
				CLANG_WARN_STRICT_PROTOTYPES = YES;
				CLANG_WARN_SUSPICIOUS_MOVE = YES;
				CLANG_WARN_UNGUARDED_AVAILABILITY = YES_AGGRESSIVE;
				CLANG_WARN_UNREACHABLE_CODE = YES;
				CLANG_WARN__DUPLICATE_METHOD_MATCH = YES;
				CODE_SIGN_IDENTITY = "iPhone Developer";
				COPY_PHASE_STRIP = NO;
				DEBUG_INFORMATION_FORMAT = dwarf;
				ENABLE_STRICT_OBJC_MSGSEND = YES;
				ENABLE_TESTABILITY = YES;
				GCC_C_LANGUAGE_STANDARD = gnu11;
				GCC_DYNAMIC_NO_PIC = NO;
				GCC_NO_COMMON_BLOCKS = YES;
				GCC_OPTIMIZATION_LEVEL = 0;
				GCC_PREPROCESSOR_DEFINITIONS = (
					"DEBUG=1",
					"$(inherited)",
				);
				GCC_WARN_64_TO_32_BIT_CONVERSION = YES;
				GCC_WARN_ABOUT_RETURN_TYPE = YES_ERROR;
				GCC_WARN_UNDECLARED_SELECTOR = YES;
				GCC_WARN_UNINITIALIZED_AUTOS = YES_AGGRESSIVE;
				GCC_WARN_UNUSED_FUNCTION = YES;
				GCC_WARN_UNUSED_VARIABLE = YES;
				IPHONEOS_DEPLOYMENT_TARGET = 11.0;
				MTL_ENABLE_DEBUG_INFO = YES;
				ONLY_ACTIVE_ARCH = YES;
				SDKROOT = iphoneos;
				SWIFT_ACTIVE_COMPILATION_CONDITIONS = DEBUG;
				SWIFT_OPTIMIZATION_LEVEL = "-Onone";
			};
			name = Debug;
		};
		02D9EC341F860470005B2DFB /* Release */ = {
			isa = XCBuildConfiguration;
			buildSettings = {
				ALWAYS_SEARCH_USER_PATHS = NO;
				CLANG_ANALYZER_NONNULL = YES;
				CLANG_ANALYZER_NUMBER_OBJECT_CONVERSION = YES_AGGRESSIVE;
				CLANG_CXX_LANGUAGE_STANDARD = "gnu++14";
				CLANG_CXX_LIBRARY = "libc++";
				CLANG_ENABLE_MODULES = YES;
				CLANG_ENABLE_OBJC_ARC = YES;
				CLANG_WARN_BLOCK_CAPTURE_AUTORELEASING = YES;
				CLANG_WARN_BOOL_CONVERSION = YES;
				CLANG_WARN_COMMA = YES;
				CLANG_WARN_CONSTANT_CONVERSION = YES;
				CLANG_WARN_DIRECT_OBJC_ISA_USAGE = YES_ERROR;
				CLANG_WARN_DOCUMENTATION_COMMENTS = YES;
				CLANG_WARN_EMPTY_BODY = YES;
				CLANG_WARN_ENUM_CONVERSION = YES;
				CLANG_WARN_INFINITE_RECURSION = YES;
				CLANG_WARN_INT_CONVERSION = YES;
				CLANG_WARN_NON_LITERAL_NULL_CONVERSION = YES;
				CLANG_WARN_OBJC_LITERAL_CONVERSION = YES;
				CLANG_WARN_OBJC_ROOT_CLASS = YES_ERROR;
				CLANG_WARN_RANGE_LOOP_ANALYSIS = YES;
				CLANG_WARN_STRICT_PROTOTYPES = YES;
				CLANG_WARN_SUSPICIOUS_MOVE = YES;
				CLANG_WARN_UNGUARDED_AVAILABILITY = YES_AGGRESSIVE;
				CLANG_WARN_UNREACHABLE_CODE = YES;
				CLANG_WARN__DUPLICATE_METHOD_MATCH = YES;
				CODE_SIGN_IDENTITY = "iPhone Developer";
				COPY_PHASE_STRIP = NO;
				DEBUG_INFORMATION_FORMAT = "dwarf-with-dsym";
				ENABLE_NS_ASSERTIONS = NO;
				ENABLE_STRICT_OBJC_MSGSEND = YES;
				GCC_C_LANGUAGE_STANDARD = gnu11;
				GCC_NO_COMMON_BLOCKS = YES;
				GCC_WARN_64_TO_32_BIT_CONVERSION = YES;
				GCC_WARN_ABOUT_RETURN_TYPE = YES_ERROR;
				GCC_WARN_UNDECLARED_SELECTOR = YES;
				GCC_WARN_UNINITIALIZED_AUTOS = YES_AGGRESSIVE;
				GCC_WARN_UNUSED_FUNCTION = YES;
				GCC_WARN_UNUSED_VARIABLE = YES;
				IPHONEOS_DEPLOYMENT_TARGET = 11.0;
				MTL_ENABLE_DEBUG_INFO = NO;
				SDKROOT = iphoneos;
				SWIFT_OPTIMIZATION_LEVEL = "-Owholemodule";
				VALIDATE_PRODUCT = YES;
			};
			name = Release;
		};
		02D9EC361F860470005B2DFB /* Debug */ = {
			isa = XCBuildConfiguration;
			buildSettings = {
				ASSETCATALOG_COMPILER_APPICON_NAME = AppIcon;
				CODE_SIGN_STYLE = Automatic;
				INFOPLIST_FILE = "Slider and Multiplication Table/Info.plist";
				LD_RUNPATH_SEARCH_PATHS = "$(inherited) @executable_path/Frameworks";
				PRODUCT_BUNDLE_IDENTIFIER = "com.darrenly.Slider-and-Multiplication-Table";
				PRODUCT_NAME = "$(TARGET_NAME)";
				SWIFT_VERSION = 4.0;
				TARGETED_DEVICE_FAMILY = "1,2";
			};
			name = Debug;
		};
		02D9EC371F860470005B2DFB /* Release */ = {
			isa = XCBuildConfiguration;
			buildSettings = {
				ASSETCATALOG_COMPILER_APPICON_NAME = AppIcon;
				CODE_SIGN_STYLE = Automatic;
				INFOPLIST_FILE = "Slider and Multiplication Table/Info.plist";
				LD_RUNPATH_SEARCH_PATHS = "$(inherited) @executable_path/Frameworks";
				PRODUCT_BUNDLE_IDENTIFIER = "com.darrenly.Slider-and-Multiplication-Table";
				PRODUCT_NAME = "$(TARGET_NAME)";
				SWIFT_VERSION = 4.0;
				TARGETED_DEVICE_FAMILY = "1,2";
			};
			name = Release;
		};
/* End XCBuildConfiguration section */

/* Begin XCConfigurationList section */
		02D9EC1E1F860470005B2DFB /* Build configuration list for PBXProject "Slider and Multiplication Table" */ = {
			isa = XCConfigurationList;
			buildConfigurations = (
				02D9EC331F860470005B2DFB /* Debug */,
				02D9EC341F860470005B2DFB /* Release */,
			);
			defaultConfigurationIsVisible = 0;
			defaultConfigurationName = Release;
		};
		02D9EC351F860470005B2DFB /* Build configuration list for PBXNativeTarget "Slider and Multiplication Table" */ = {
			isa = XCConfigurationList;
			buildConfigurations = (
				02D9EC361F860470005B2DFB /* Debug */,
				02D9EC371F860470005B2DFB /* Release */,
			);
			defaultConfigurationIsVisible = 0;
			defaultConfigurationName = Release;
		};
/* End XCConfigurationList section */
	};
	rootObject = 02D9EC1B1F860470005B2DFB /* Project object */;
}
